
Microsoft Visual Studio Solution File, Format Version 12.00
# Visual Studio Version 17
VisualStudioVersion = 17.14.36015.10 d17.14
MinimumVisualStudioVersion = 10.0.40219.1
Project("{FAE04EC0-301F-11D3-BF4B-00C04F79EFBC}") = "Interface4", "Interface4\Interface4.csproj", "{8A6AEC45-F982-4683-88F3-78C57C7FE53C}"
EndProject
Global
	GlobalSection(SolutionConfigurationPlatforms) = preSolution
		Debug|Any CPU = Debug|Any CPU
		Release|Any CPU = Release|Any CPU
	EndGlobalSection
	GlobalSection(ProjectConfigurationPlatforms) = postSolution
		{8A6AEC45-F982-4683-88F3-78C57C7FE53C}.Debug|Any CPU.ActiveCfg = Debug|Any CPU
		{8A6AEC45-F982-4683-88F3-78C57C7FE53C}.Debug|Any CPU.Build.0 = Debug|Any CPU
		{8A6AEC45-F982-4683-88F3-78C57C7FE53C}.Release|Any CPU.ActiveCfg = Release|Any CPU
		{8A6AEC45-F982-4683-88F3-78C57C7FE53C}.Release|Any CPU.Build.0 = Release|Any CPU
	EndGlobalSection
	GlobalSection(SolutionProperties) = preSolution
		HideSolutionNode = FALSE
	EndGlobalSection
	GlobalSection(ExtensibilityGlobals) = postSolution
		SolutionGuid = {867CAB69-BDD8-406F-89A6-892E98ED695C}
	EndGlobalSection
EndGlobal
